
Microsoft Visual Studio Solution File, Format Version 12.00
# Visual Studio Version 16
VisualStudioVersion = 16.0.31624.102
MinimumVisualStudioVersion = 10.0.40219.1
Project("{8BC9CEB8-8B4A-11D0-8D11-00A0C91BC942}") = "Kursovik", "Kursovik\Kursovik.vcxproj", "{59D62654-D465-4177-9113-F4B67C183AB0}"
EndProject
Global
	GlobalSection(SolutionConfigurationPlatforms) = preSolution
		Debug|x64 = Debug|x64
		Debug|x86 = Debug|x86
		Release|x64 = Release|x64
		Release|x86 = Release|x86
	EndGlobalSection
	GlobalSection(ProjectConfigurationPlatforms) = postSolution
		{59D62654-D465-4177-9113-F4B67C183AB0}.Debug|x64.ActiveCfg = Debug|x64
		{59D62654-D465-4177-9113-F4B67C183AB0}.Debug|x64.Build.0 = Debug|x64
		{59D62654-D465-4177-9113-F4B67C183AB0}.Debug|x86.ActiveCfg = Debug|Win32
		{59D62654-D465-4177-9113-F4B67C183AB0}.Debug|x86.Build.0 = Debug|Win32
		{59D62654-D465-4177-9113-F4B67C183AB0}.Release|x64.ActiveCfg = Release|x64
		{59D62654-D465-4177-9113-F4B67C183AB0}.Release|x64.Build.0 = Release|x64
		{59D62654-D465-4177-9113-F4B67C183AB0}.Release|x86.ActiveCfg = Release|Win32
		{59D62654-D465-4177-9113-F4B67C183AB0}.Release|x86.Build.0 = Release|Win32
	EndGlobalSection
	GlobalSection(SolutionProperties) = preSolution
		HideSolutionNode = FALSE
	EndGlobalSection
	GlobalSection(ExtensibilityGlobals) = postSolution
		SolutionGuid = {92DE3EB0-944D-4DA9-9BA1-69E37038638F}
	EndGlobalSection
EndGlobal
